
Microsoft Visual Studio Solution File, Format Version 12.00
# Visual Studio Version 17
VisualStudioVersion = 17.9.34607.119
MinimumVisualStudioVersion = 10.0.40219.1
Project("{9A19103F-16F7-4668-BE54-9A1E7A4F7556}") = "TinySystemInfo", "TinySystemInfo\TinySystemInfo.csproj", "{4827BFBD-2A65-403C-996B-11DC0B17E8F2}"
EndProject
Project("{9A19103F-16F7-4668-BE54-9A1E7A4F7556}") = "tsi", "tsi\tsi.csproj", "{D0DE1A90-5D4A-4F0A-A1BD-C845938A6F2E}"
EndProject
Global
	GlobalSection(SolutionConfigurationPlatforms) = preSolution
		Debug|Any CPU = Debug|Any CPU
		Release|Any CPU = Release|Any CPU
	EndGlobalSection
	GlobalSection(ProjectConfigurationPlatforms) = postSolution
		{4827BFBD-2A65-403C-996B-11DC0B17E8F2}.Debug|Any CPU.ActiveCfg = Debug|Any CPU
		{4827BFBD-2A65-403C-996B-11DC0B17E8F2}.Debug|Any CPU.Build.0 = Debug|Any CPU
		{4827BFBD-2A65-403C-996B-11DC0B17E8F2}.Release|Any CPU.ActiveCfg = Release|Any CPU
		{4827BFBD-2A65-403C-996B-11DC0B17E8F2}.Release|Any CPU.Build.0 = Release|Any CPU
		{D0DE1A90-5D4A-4F0A-A1BD-C845938A6F2E}.Debug|Any CPU.ActiveCfg = Debug|Any CPU
		{D0DE1A90-5D4A-4F0A-A1BD-C845938A6F2E}.Debug|Any CPU.Build.0 = Debug|Any CPU
		{D0DE1A90-5D4A-4F0A-A1BD-C845938A6F2E}.Release|Any CPU.ActiveCfg = Release|Any CPU
		{D0DE1A90-5D4A-4F0A-A1BD-C845938A6F2E}.Release|Any CPU.Build.0 = Release|Any CPU
	EndGlobalSection
	GlobalSection(SolutionProperties) = preSolution
		HideSolutionNode = FALSE
	EndGlobalSection
	GlobalSection(ExtensibilityGlobals) = postSolution
		SolutionGuid = {0B89D56C-57E5-4ABD-9C93-5D69F4E45157}
	EndGlobalSection
EndGlobal
